github.com/jinzhu/inflection v1.0.0 h1:K317FqzuhWc8YvSVlFMCCUb36O/S9MCKRDI7QkRKD/E=
github.com/jinzhu/inflection v1.0.0/go.mod h1:h+uFLlag+Qp1Va5pdKtLDYj+kHp5pxUVkryuEj+Srlc=
github.com/jinzhu/now v1.1.1 h1:g39TucaRWyV3dwDO++eEc6qf8TVIQ/Da48WmqjZ3i7E=
github.com/jinzhu/now v1.1.1/go.mod h1:d3SSVoowX0Lcu0IBviAWJpolVfI5UJVZZ7cO71lE/z8=
github.com/mattn/go-isatty v0.0.12 h1:wuysRhFDzyxgEmMf5xjvJ2M9dZoWAXNNr5LSBS7uHXY=
github.com/mattn/go-isatty v0.0.12/go.mod h1:cbi8OIDigv2wuxKPP5vlRcQ1OAZbq2CE4Kysco4FUpU=
github.com/mattn/go-sqlite3 v1.14.6/go.mod h1:NyWgC/yNuGj7Q9rpYnZvas74GogHl5/Z4A/KQRfk6bU=
github.com/remyoudompheng/bigfft v0.0.0-20200410134404-eec4a21b6bb0 h1:OdAsTTz6OkFY5QxjkYwrChwuRruF69c169dPK26NUlk=
github.com/remyoudompheng/bigfft v0.0.0-20200410134404-eec4a21b6bb0/go.mod h1:qqbHyh8v60DhA7CoWK5oRCqLrMHRGoxYCSS9EjAz6Eo=
golang.org/x/sys v0.0.0-20200116001909-b77594299b42/go.mod h1:h1NjWce9XRLGQEsW7wpKNCjG9DtNlClVuFLEZdDNbEs=
golang.org/x/sys v0.0.0-20201126233918-771906719818/go.mod h1:h1NjWce9XRLGQEsW7wpKNCjG9DtNlClVuFLEZdDNbEs=
gorm.io/gorm v1.20.12 h1:ebZ5KrSHzet+sqOCVdH9mTjW91L298nX3v5lVxAzSUY=
gorm.io/gorm v1.20.12/go.mod h1:0HFTzE/SqkGTzK6TlDPPQbAYCluiVvhzoA1+aVyzenw=
modernc.org/httpfs v1.0.2/go.mod h1:7dosgurJGp0sPaRanU53W4xZYKh14wfzX420oZADeHM=
modernc.org/libc v0.0.0-20210126194511-2b2d365b45c2 h1:tt8AD7ptNzdjMF6llxq3Fr1qmaH5I2pheV/QYtSyhjE=
modernc.org/libc v0.0.0-20210126194511-2b2d365b45c2/go.mod h1:U1eq8YWr/Kc1RWCMFUWEdkTg8OTcfLw2kY8EDwl039w=
modernc.org/mathutil v1.1.1/go.mod h1:mZW8CKdRPY1v87qxC/wUdX5O1qDzXMP5TH3wjfpga6E=
modernc.org/mathutil v1.2.2 h1:+yFk8hBprV+4c0U9GjFtL+dV3N8hOJ8JCituQcMShFY=
modernc.org/mathutil v1.2.2/go.mod h1:mZW8CKdRPY1v87qxC/wUdX5O1qDzXMP5TH3wjfpga6E=
modernc.org/memory v1.0.4 h1:utMBrFcpnQDdNsmM6asmyH/FM9TqLPS7XF7otpJmrwM=
modernc.org/memory v1.0.4/go.mod h1:nV2OApxradM3/OVbs2/0OsP6nPfakXpi50C7dcoHXlc=
modernc.org/sqlite v1.8.7 h1:222W4hUbSVyXpYi/tzQAweSYNXDDtZH6ZkzK9E3lrGk=
modernc.org/sqlite v1.8.7/go.mod h1:cjyYsvOhWZN/IK4PFKQcSzi4ZM45GVFWVrHH2WB9zTo=
modernc.org/tcl v0.0.0-20210126195340-ef4fe8b071b1/go.mod h1:3zmINXxWd0ou2yESOionCdpu77iJutiqQuf3K3EGtA0=
